
Microsoft Visual Studio Solution File, Format Version 12.00
# Visual Studio Version 17
VisualStudioVersion = 17.3.32825.248
MinimumVisualStudioVersion = 10.0.40219.1
Project("{9A19103F-16F7-4668-BE54-9A1E7A4F7556}") = "MiBilleteraWebApi", "MiBilleteraWebApi\MiBilleteraWebApi.csproj", "{38057255-E0EC-45A2-8FCA-94AC018B93C7}"
EndProject
Project("{FAE04EC0-301F-11D3-BF4B-00C04F79EFBC}") = "Negocio", "Negocio\Negocio.csproj", "{836B883B-E99D-425F-A5A7-314B156E4E50}"
EndProject
Project("{FAE04EC0-301F-11D3-BF4B-00C04F79EFBC}") = "Entities", "Entities\Entities.csproj", "{6098E6D9-A8E3-4536-BC5A-7CF52EA53855}"
EndProject
Global
	GlobalSection(SolutionConfigurationPlatforms) = preSolution
		Debug|Any CPU = Debug|Any CPU
		Release|Any CPU = Release|Any CPU
	EndGlobalSection
	GlobalSection(ProjectConfigurationPlatforms) = postSolution
		{38057255-E0EC-45A2-8FCA-94AC018B93C7}.Debug|Any CPU.ActiveCfg = Debug|Any CPU
		{38057255-E0EC-45A2-8FCA-94AC018B93C7}.Debug|Any CPU.Build.0 = Debug|Any CPU
		{38057255-E0EC-45A2-8FCA-94AC018B93C7}.Release|Any CPU.ActiveCfg = Release|Any CPU
		{38057255-E0EC-45A2-8FCA-94AC018B93C7}.Release|Any CPU.Build.0 = Release|Any CPU
		{836B883B-E99D-425F-A5A7-314B156E4E50}.Debug|Any CPU.ActiveCfg = Debug|Any CPU
		{836B883B-E99D-425F-A5A7-314B156E4E50}.Debug|Any CPU.Build.0 = Debug|Any CPU
		{836B883B-E99D-425F-A5A7-314B156E4E50}.Release|Any CPU.ActiveCfg = Release|Any CPU
		{836B883B-E99D-425F-A5A7-314B156E4E50}.Release|Any CPU.Build.0 = Release|Any CPU
		{6098E6D9-A8E3-4536-BC5A-7CF52EA53855}.Debug|Any CPU.ActiveCfg = Debug|Any CPU
		{6098E6D9-A8E3-4536-BC5A-7CF52EA53855}.Debug|Any CPU.Build.0 = Debug|Any CPU
		{6098E6D9-A8E3-4536-BC5A-7CF52EA53855}.Release|Any CPU.ActiveCfg = Release|Any CPU
		{6098E6D9-A8E3-4536-BC5A-7CF52EA53855}.Release|Any CPU.Build.0 = Release|Any CPU
	EndGlobalSection
	GlobalSection(SolutionProperties) = preSolution
		HideSolutionNode = FALSE
	EndGlobalSection
	GlobalSection(ExtensibilityGlobals) = postSolution
		SolutionGuid = {26AED9DC-FF4B-4247-A935-C64AA884E1CC}
	EndGlobalSection
EndGlobal
